PODS:
  - AFNetworking (2.4.0):
    - AFNetworking/NSURLConnection (= 2.4.0)
    - AFNetworking/NSURLSession (= 2.4.0)
    - AFNetworking/Reachability (= 2.4.0)
    - AFNetworking/Security (= 2.4.0)
    - AFNetworking/Serialization (= 2.4.0)
    - AFNetworking/UIKit (= 2.4.0)
  - AFNetworking/NSURLConnection (2.4.0):
    - AFNetworking/Reachability
    - AFNetworking/Security
    - AFNetworking/Serialization
  - AFNetworking/NSURLSession (2.4.0):
    - AFNetworking/Reachability
    - AFNetworking/Security
    - AFNetworking/Serialization
  - AFNetworking/Reachability (2.4.0)
  - AFNetworking/Security (2.4.0)
  - AFNetworking/Serialization (2.4.0)
  - AFNetworking/UIKit (2.4.0):
    - AFNetworking/NSURLConnection
    - AFNetworking/NSURLSession
  - OCMock (2.0.1)
  - SocketRocket (0.3.1-beta2)

DEPENDENCIES:
  - AFNetworking (= 2.4.0)
  - OCMock (~> 2.0.1)
  - SocketRocket (= 0.3.1-beta2)

SPEC CHECKSUMS:
  AFNetworking: 0f2098992f4718b8d8e9c6ccf4634e1ccee44871
  OCMock: 7a839b55abfb78e8ec3bf6eaa3cdcc567ac71d2a
  SocketRocket: 7284ab9370a06c99aba92b2fe3a32aedd0f9a6fa

COCOAPODS: 0.38.2
